
Microsoft Visual Studio Solution File, Format Version 12.00
Project("{FAE04EC0-301F-11D3-BF4B-00C04F79EFBC}") = "Akka.Persistence.MongoDb.Benchmark", "Akka.Persistence.MongoDb.Benchmark\Akka.Persistence.MongoDb.Benchmark.csproj", "{DECAEA4A-402D-47B0-B865-F37B4A6503B1}"
EndProject
Project("{2150E333-8FDC-42A3-9474-1A3956D46DE8}") = "_", "_", "{032880DC-4859-4666-A81F-01DC5DA301EB}"
	ProjectSection(SolutionItems) = preProject
		global.json = global.json
		README.md = README.md
	EndProjectSection
EndProject
Global
	GlobalSection(SolutionConfigurationPlatforms) = preSolution
		Debug|Any CPU = Debug|Any CPU
		Release|Any CPU = Release|Any CPU
	EndGlobalSection
	GlobalSection(ProjectConfigurationPlatforms) = postSolution
		{DECAEA4A-402D-47B0-B865-F37B4A6503B1}.Debug|Any CPU.ActiveCfg = Debug|Any CPU
		{DECAEA4A-402D-47B0-B865-F37B4A6503B1}.Debug|Any CPU.Build.0 = Debug|Any CPU
		{DECAEA4A-402D-47B0-B865-F37B4A6503B1}.Release|Any CPU.ActiveCfg = Release|Any CPU
		{DECAEA4A-402D-47B0-B865-F37B4A6503B1}.Release|Any CPU.Build.0 = Release|Any CPU
	EndGlobalSection
EndGlobal
